{
    "_readme": [
        "This file locks the dependencies of your project to a known state",
        "Read more about it at https://getcomposer.org/doc/01-basic-usage.md#installing-dependencies",
        "This file is @generated automatically"
    ],
    "content-hash": "7776171c34786ed8d3dc2288dd126f21",
    "packages": [
        {
            "name": "mangopay/php-sdk-v2",
            "version": "3.17.0",
            "source": {
                "type": "git",
                "url": "https://github.com/Mangopay/mangopay2-php-sdk.git",
                "reference": "b31c0804803c0dac5dd10ac86af03c822b658f25"
            },
            "dist": {
                "type": "zip",
                "url": "https://api.github.com/repos/Mangopay/mangopay2-php-sdk/zipball/b31c0804803c0dac5dd10ac86af03c822b658f25",
                "reference": "b31c0804803c0dac5dd10ac86af03c822b658f25",
                "shasum": ""
            },
            "require": {
                "ext-curl": "*",
                "ext-json": "*",
                "ext-openssl": "*",
                "php": ">=5.6",
                "psr/log": "^1.0|^2.0|^3.0"
            },
            "require-dev": {
                "friendsofphp/php-cs-fixer": "^2.18",
                "phpunit/phpunit": ">=5.7.27 <10"
            },
            "type": "library",
            "autoload": {
                "psr-4": {
                    "MangoPay\\": "MangoPay"
                }
            },
            "notification-url": "https://packagist.org/downloads/",
            "license": [
                "MIT"
            ],
            "description": "PHP SDK for MANGOPAY",
            "support": {
                "issues": "https://github.com/Mangopay/mangopay2-php-sdk/issues",
                "source": "https://github.com/Mangopay/mangopay2-php-sdk/tree/3.17.0"
            },
            "time": "2022-11-25T08:44:03+00:00"
        },
        {
            "name": "psr/log",
            "version": "3.0.0",
            "source": {
                "type": "git",
                "url": "https://github.com/php-fig/log.git",
                "reference": "fe5ea303b0887d5caefd3d431c3e61ad47037001"
            },
            "dist": {
                "type": "zip",
                "url": "https://api.github.com/repos/php-fig/log/zipball/fe5ea303b0887d5caefd3d431c3e61ad47037001",
                "reference": "fe5ea303b0887d5caefd3d431c3e61ad47037001",
                "shasum": ""
            },
            "require": {
                "php": ">=8.0.0"
            },
            "type": "library",
            "extra": {
                "branch-alias": {
                    "dev-master": "3.x-dev"
                }
            },
            "autoload": {
                "psr-4": {
                    "Psr\\Log\\": "src"
                }
            },
            "notification-url": "https://packagist.org/downloads/",
            "license": [
                "MIT"
            ],
            "authors": [
                {
                    "name": "PHP-FIG",
                    "homepage": "https://www.php-fig.org/"
                }
            ],
            "description": "Common interface for logging libraries",
            "homepage": "https://github.com/php-fig/log",
            "keywords": [
                "log",
                "psr",
                "psr-3"
            ],
            "support": {
                "source": "https://github.com/php-fig/log/tree/3.0.0"
            },
            "time": "2021-07-14T16:46:02+00:00"
        }
    ],
    "packages-dev": [],
    "aliases": [],
    "minimum-stability": "stable",
    "stability-flags": [],
    "prefer-stable": false,
    "prefer-lowest": false,
    "platform": [],
    "platform-dev": [],
    "plugin-api-version": "2.2.0"
}
